
Microsoft Visual Studio Solution File, Format Version 12.00
# Visual Studio 15
VisualStudioVersion = 15.0.26730.12
MinimumVisualStudioVersion = 10.0.40219.1
Project("{2150E333-8FDC-42A3-9474-1A3956D46DE8}") = "src", "src", "{2982C754-FBE1-4793-8218-107E8BA0D33A}"
EndProject
Project("{2150E333-8FDC-42A3-9474-1A3956D46DE8}") = "test", "test", "{81A32817-2BDD-4F54-A41E-E8B2015D0184}"
EndProject
Project("{9A19103F-16F7-4668-BE54-9A1E7A4F7556}") = "Fan", "src\Fan\Fan.csproj", "{0FE0C500-CDC8-4B7E-96F3-2921BA225C6F}"
EndProject
Project("{9A19103F-16F7-4668-BE54-9A1E7A4F7556}") = "Fan.Web", "src\Fan.Web\Fan.Web.csproj", "{F1CB5F1E-DC0B-4AD7-96BB-C676DC6938E5}"
EndProject
Project("{9A19103F-16F7-4668-BE54-9A1E7A4F7556}") = "Fan.Tests", "test\Fan.Tests\Fan.Tests.csproj", "{A2E1D173-E904-4B5A-81E3-FD3F2DD2345F}"
EndProject
Project("{9A19103F-16F7-4668-BE54-9A1E7A4F7556}") = "Fan.Web.Tests", "test\Fan.Web.Tests\Fan.Web.Tests.csproj", "{7E23F735-1911-42CB-914E-AF5BDFB31418}"
EndProject
Project("{2150E333-8FDC-42A3-9474-1A3956D46DE8}") = "sln", "sln", "{596A1022-8E0A-4705-BAAA-4217759203D1}"
	ProjectSection(SolutionItems) = preProject
		.gitignore = .gitignore
		README.md = README.md
	EndProjectSection
EndProject
Global
	GlobalSection(SolutionConfigurationPlatforms) = preSolution
		Debug|Any CPU = Debug|Any CPU
		Release|Any CPU = Release|Any CPU
	EndGlobalSection
	GlobalSection(ProjectConfigurationPlatforms) = postSolution
		{0FE0C500-CDC8-4B7E-96F3-2921BA225C6F}.Debug|Any CPU.ActiveCfg = Debug|Any CPU
		{0FE0C500-CDC8-4B7E-96F3-2921BA225C6F}.Debug|Any CPU.Build.0 = Debug|Any CPU
		{0FE0C500-CDC8-4B7E-96F3-2921BA225C6F}.Release|Any CPU.ActiveCfg = Release|Any CPU
		{0FE0C500-CDC8-4B7E-96F3-2921BA225C6F}.Release|Any CPU.Build.0 = Release|Any CPU
		{F1CB5F1E-DC0B-4AD7-96BB-C676DC6938E5}.Debug|Any CPU.ActiveCfg = Debug|Any CPU
		{F1CB5F1E-DC0B-4AD7-96BB-C676DC6938E5}.Debug|Any CPU.Build.0 = Debug|Any CPU
		{F1CB5F1E-DC0B-4AD7-96BB-C676DC6938E5}.Release|Any CPU.ActiveCfg = Release|Any CPU
		{F1CB5F1E-DC0B-4AD7-96BB-C676DC6938E5}.Release|Any CPU.Build.0 = Release|Any CPU
		{A2E1D173-E904-4B5A-81E3-FD3F2DD2345F}.Debug|Any CPU.ActiveCfg = Debug|Any CPU
		{A2E1D173-E904-4B5A-81E3-FD3F2DD2345F}.Debug|Any CPU.Build.0 = Debug|Any CPU
		{A2E1D173-E904-4B5A-81E3-FD3F2DD2345F}.Release|Any CPU.ActiveCfg = Release|Any CPU
		{A2E1D173-E904-4B5A-81E3-FD3F2DD2345F}.Release|Any CPU.Build.0 = Release|Any CPU
		{7E23F735-1911-42CB-914E-AF5BDFB31418}.Debug|Any CPU.ActiveCfg = Debug|Any CPU
		{7E23F735-1911-42CB-914E-AF5BDFB31418}.Debug|Any CPU.Build.0 = Debug|Any CPU
		{7E23F735-1911-42CB-914E-AF5BDFB31418}.Release|Any CPU.ActiveCfg = Release|Any CPU
		{7E23F735-1911-42CB-914E-AF5BDFB31418}.Release|Any CPU.Build.0 = Release|Any CPU
	EndGlobalSection
	GlobalSection(SolutionProperties) = preSolution
		HideSolutionNode = FALSE
	EndGlobalSection
	GlobalSection(NestedProjects) = preSolution
		{0FE0C500-CDC8-4B7E-96F3-2921BA225C6F} = {2982C754-FBE1-4793-8218-107E8BA0D33A}
		{F1CB5F1E-DC0B-4AD7-96BB-C676DC6938E5} = {2982C754-FBE1-4793-8218-107E8BA0D33A}
		{A2E1D173-E904-4B5A-81E3-FD3F2DD2345F} = {81A32817-2BDD-4F54-A41E-E8B2015D0184}
		{7E23F735-1911-42CB-914E-AF5BDFB31418} = {81A32817-2BDD-4F54-A41E-E8B2015D0184}
	EndGlobalSection
	GlobalSection(ExtensibilityGlobals) = postSolution
		SolutionGuid = {F1FC29A1-2BF1-46BD-9169-3C33C1C4494F}
	EndGlobalSection
EndGlobal
