
Microsoft Visual Studio Solution File, Format Version 12.00
# Visual Studio Version 16
VisualStudioVersion = 16.0.28803.156
MinimumVisualStudioVersion = 10.0.40219.1
Project("{2150E333-8FDC-42A3-9474-1A3956D46DE8}") = "src", "src", "{2982C754-FBE1-4793-8218-107E8BA0D33A}"
EndProject
Project("{2150E333-8FDC-42A3-9474-1A3956D46DE8}") = "test", "test", "{81A32817-2BDD-4F54-A41E-E8B2015D0184}"
EndProject
Project("{9A19103F-16F7-4668-BE54-9A1E7A4F7556}") = "Fan.Web.Tests", "test\Fan.Web.Tests\Fan.Web.Tests.csproj", "{7E23F735-1911-42CB-914E-AF5BDFB31418}"
EndProject
Project("{2150E333-8FDC-42A3-9474-1A3956D46DE8}") = "sln", "sln", "{596A1022-8E0A-4705-BAAA-4217759203D1}"
	ProjectSection(SolutionItems) = preProject
		.gitignore = .gitignore
		.travis.yml = .travis.yml
		appveyor.yml = appveyor.yml
		azure-pipelines.yml = azure-pipelines.yml
		CONTRIBUTING.md = CONTRIBUTING.md
		README.md = README.md
	EndProjectSection
EndProject
Project("{9A19103F-16F7-4668-BE54-9A1E7A4F7556}") = "Shortcodes.Tests", "test\Shortcodes.Tests\Shortcodes.Tests.csproj", "{0A1D7C25-2B33-47BE-B549-7CD8AE3AB15C}"
EndProject
Project("{2150E333-8FDC-42A3-9474-1A3956D46DE8}") = "Core", "Core", "{4832F9A4-7DED-43DD-9354-B6CE7931D247}"
EndProject
Project("{9A19103F-16F7-4668-BE54-9A1E7A4F7556}") = "Fan", "src\Core\Fan\Fan.csproj", "{4CA7527D-1A19-47DF-AF24-AFB8907694E9}"
EndProject
Project("{9A19103F-16F7-4668-BE54-9A1E7A4F7556}") = "Fan.Blog", "src\Core\Fan.Blog\Fan.Blog.csproj", "{F29C3C0D-BD82-4252-BF68-496B4B43DB2E}"
EndProject
Project("{9A19103F-16F7-4668-BE54-9A1E7A4F7556}") = "Fan.Web", "src\Core\Fan.Web\Fan.Web.csproj", "{A0AE4A9A-F272-4EE4-A993-C91CB6A8CAEB}"
EndProject
Project("{9A19103F-16F7-4668-BE54-9A1E7A4F7556}") = "Fan.WebApp", "src\Core\Fan.WebApp\Fan.WebApp.csproj", "{EABAB6CE-90A4-4DA9-996E-6445400D22DA}"
EndProject
Project("{2150E333-8FDC-42A3-9474-1A3956D46DE8}") = "Plugins", "Plugins", "{7B70F90E-8DFB-4215-9455-C9357D5C1B3A}"
EndProject
Project("{2150E333-8FDC-42A3-9474-1A3956D46DE8}") = "Themes", "Themes", "{1C66D1E7-72C6-4A76-A4C2-FDFDF43B17A3}"
EndProject
Project("{9A19103F-16F7-4668-BE54-9A1E7A4F7556}") = "Clarity", "src\Themes\Clarity\Clarity.csproj", "{26AF1CE2-7F41-4894-87F9-E1871523BE07}"
EndProject
Project("{2150E333-8FDC-42A3-9474-1A3956D46DE8}") = "Widgets", "Widgets", "{B073FE71-0D11-406D-8BE3-CC8CBBA831A9}"
EndProject
Project("{9A19103F-16F7-4668-BE54-9A1E7A4F7556}") = "BlogTags", "src\Widgets\BlogTags\BlogTags.csproj", "{153316E2-F584-4C7E-8090-F0D3E786378A}"
EndProject
Project("{2150E333-8FDC-42A3-9474-1A3956D46DE8}") = "sql", "sql", "{27E759ED-9E68-4AE7-BDE8-16D0222CD1DA}"
	ProjectSection(SolutionItems) = preProject
		sql\1.0-1.1.sql = sql\1.0-1.1.sql
		sql\1.1-prev3 to prev4.sql = sql\1.1-prev3 to prev4.sql
	EndProjectSection
EndProject
Project("{9A19103F-16F7-4668-BE54-9A1E7A4F7556}") = "ForkMeRibbon", "src\Plugins\ForkMeRibbon\ForkMeRibbon.csproj", "{22949558-4220-4879-8BB1-D03BCEFDD981}"
EndProject
Project("{9A19103F-16F7-4668-BE54-9A1E7A4F7556}") = "BlogArchives", "src\Widgets\BlogArchives\BlogArchives.csproj", "{7BE27F20-9232-470F-ABC1-F0FCD54BD17D}"
EndProject
Project("{9A19103F-16F7-4668-BE54-9A1E7A4F7556}") = "BlogCategories", "src\Widgets\BlogCategories\BlogCategories.csproj", "{84328837-CF2B-4AD3-A6FC-5D2D171996FA}"
EndProject
Project("{9A19103F-16F7-4668-BE54-9A1E7A4F7556}") = "RecentBlogPosts", "src\Widgets\RecentBlogPosts\RecentBlogPosts.csproj", "{527E0FCD-58F4-4194-A3AF-75887E0ECB70}"
EndProject
Project("{9A19103F-16F7-4668-BE54-9A1E7A4F7556}") = "SocialIcons", "src\Widgets\SocialIcons\SocialIcons.csproj", "{31AB80A4-8740-4A40-A020-694FE5181DC4}"
EndProject
Project("{2150E333-8FDC-42A3-9474-1A3956D46DE8}") = "SysPlugins", "SysPlugins", "{4BFCF62E-6739-4EB4-84B3-FFF528D3F4E2}"
EndProject
Project("{9A19103F-16F7-4668-BE54-9A1E7A4F7556}") = "PageNavigation", "src\Widgets\PageNavigation\PageNavigation.csproj", "{21400DD8-0BE9-4941-A27E-1BA154FFFF3E}"
EndProject
Project("{9A19103F-16F7-4668-BE54-9A1E7A4F7556}") = "Shortcodes", "src\SysPlugins\Shortcodes\Shortcodes.csproj", "{C4177D54-A0EA-4922-AE92-C211E4D62B4C}"
EndProject
Project("{9A19103F-16F7-4668-BE54-9A1E7A4F7556}") = "Fan.Tests", "test\Fan.Tests\Fan.Tests.csproj", "{FD18CC7B-1138-4170-8903-7086DF834E4F}"
EndProject
Project("{9A19103F-16F7-4668-BE54-9A1E7A4F7556}") = "Fan.Blog.Tests", "test\Fan.Blog.Tests\Fan.Blog.Tests.csproj", "{526E9DCF-C0F3-45E7-AB6E-F90DFE5F06E3}"
EndProject
Project("{9A19103F-16F7-4668-BE54-9A1E7A4F7556}") = "Editor.md", "src\SysPlugins\Editor.md\Editor.md.csproj", "{5FED1279-4C23-4E5C-A89D-0255FE2B5E80}"
EndProject
Project("{2150E333-8FDC-42A3-9474-1A3956D46DE8}") = "github", "github", "{3F248C48-DADD-4659-8D32-9326706303EC}"
	ProjectSection(SolutionItems) = preProject
		.github\ISSUE_TEMPLATE\BUG_REPORT.md = .github\ISSUE_TEMPLATE\BUG_REPORT.md
		.github\ISSUE_TEMPLATE\FEATURE_REQUEST.md = .github\ISSUE_TEMPLATE\FEATURE_REQUEST.md
		.github\FUNDING.yml = .github\FUNDING.yml
		.github\PULL_REQUEST_TEMPLATE.md = .github\PULL_REQUEST_TEMPLATE.md
	EndProjectSection
EndProject
Global
	GlobalSection(SolutionConfigurationPlatforms) = preSolution
		Debug|Any CPU = Debug|Any CPU
		Release|Any CPU = Release|Any CPU
	EndGlobalSection
	GlobalSection(ProjectConfigurationPlatforms) = postSolution
		{7E23F735-1911-42CB-914E-AF5BDFB31418}.Debug|Any CPU.ActiveCfg = Debug|Any CPU
		{7E23F735-1911-42CB-914E-AF5BDFB31418}.Debug|Any CPU.Build.0 = Debug|Any CPU
		{7E23F735-1911-42CB-914E-AF5BDFB31418}.Release|Any CPU.ActiveCfg = Release|Any CPU
		{7E23F735-1911-42CB-914E-AF5BDFB31418}.Release|Any CPU.Build.0 = Release|Any CPU
		{0A1D7C25-2B33-47BE-B549-7CD8AE3AB15C}.Debug|Any CPU.ActiveCfg = Debug|Any CPU
		{0A1D7C25-2B33-47BE-B549-7CD8AE3AB15C}.Debug|Any CPU.Build.0 = Debug|Any CPU
		{0A1D7C25-2B33-47BE-B549-7CD8AE3AB15C}.Release|Any CPU.ActiveCfg = Release|Any CPU
		{0A1D7C25-2B33-47BE-B549-7CD8AE3AB15C}.Release|Any CPU.Build.0 = Release|Any CPU
		{4CA7527D-1A19-47DF-AF24-AFB8907694E9}.Debug|Any CPU.ActiveCfg = Debug|Any CPU
		{4CA7527D-1A19-47DF-AF24-AFB8907694E9}.Debug|Any CPU.Build.0 = Debug|Any CPU
		{4CA7527D-1A19-47DF-AF24-AFB8907694E9}.Release|Any CPU.ActiveCfg = Release|Any CPU
		{4CA7527D-1A19-47DF-AF24-AFB8907694E9}.Release|Any CPU.Build.0 = Release|Any CPU
		{F29C3C0D-BD82-4252-BF68-496B4B43DB2E}.Debug|Any CPU.ActiveCfg = Debug|Any CPU
		{F29C3C0D-BD82-4252-BF68-496B4B43DB2E}.Debug|Any CPU.Build.0 = Debug|Any CPU
		{F29C3C0D-BD82-4252-BF68-496B4B43DB2E}.Release|Any CPU.ActiveCfg = Release|Any CPU
		{F29C3C0D-BD82-4252-BF68-496B4B43DB2E}.Release|Any CPU.Build.0 = Release|Any CPU
		{A0AE4A9A-F272-4EE4-A993-C91CB6A8CAEB}.Debug|Any CPU.ActiveCfg = Debug|Any CPU
		{A0AE4A9A-F272-4EE4-A993-C91CB6A8CAEB}.Debug|Any CPU.Build.0 = Debug|Any CPU
		{A0AE4A9A-F272-4EE4-A993-C91CB6A8CAEB}.Release|Any CPU.ActiveCfg = Release|Any CPU
		{A0AE4A9A-F272-4EE4-A993-C91CB6A8CAEB}.Release|Any CPU.Build.0 = Release|Any CPU
		{EABAB6CE-90A4-4DA9-996E-6445400D22DA}.Debug|Any CPU.ActiveCfg = Debug|Any CPU
		{EABAB6CE-90A4-4DA9-996E-6445400D22DA}.Debug|Any CPU.Build.0 = Debug|Any CPU
		{EABAB6CE-90A4-4DA9-996E-6445400D22DA}.Release|Any CPU.ActiveCfg = Release|Any CPU
		{EABAB6CE-90A4-4DA9-996E-6445400D22DA}.Release|Any CPU.Build.0 = Release|Any CPU
		{26AF1CE2-7F41-4894-87F9-E1871523BE07}.Debug|Any CPU.ActiveCfg = Debug|Any CPU
		{26AF1CE2-7F41-4894-87F9-E1871523BE07}.Debug|Any CPU.Build.0 = Debug|Any CPU
		{26AF1CE2-7F41-4894-87F9-E1871523BE07}.Release|Any CPU.ActiveCfg = Release|Any CPU
		{26AF1CE2-7F41-4894-87F9-E1871523BE07}.Release|Any CPU.Build.0 = Release|Any CPU
		{153316E2-F584-4C7E-8090-F0D3E786378A}.Debug|Any CPU.ActiveCfg = Debug|Any CPU
		{153316E2-F584-4C7E-8090-F0D3E786378A}.Debug|Any CPU.Build.0 = Debug|Any CPU
		{153316E2-F584-4C7E-8090-F0D3E786378A}.Release|Any CPU.ActiveCfg = Release|Any CPU
		{153316E2-F584-4C7E-8090-F0D3E786378A}.Release|Any CPU.Build.0 = Release|Any CPU
		{22949558-4220-4879-8BB1-D03BCEFDD981}.Debug|Any CPU.ActiveCfg = Debug|Any CPU
		{22949558-4220-4879-8BB1-D03BCEFDD981}.Debug|Any CPU.Build.0 = Debug|Any CPU
		{22949558-4220-4879-8BB1-D03BCEFDD981}.Release|Any CPU.ActiveCfg = Release|Any CPU
		{22949558-4220-4879-8BB1-D03BCEFDD981}.Release|Any CPU.Build.0 = Release|Any CPU
		{7BE27F20-9232-470F-ABC1-F0FCD54BD17D}.Debug|Any CPU.ActiveCfg = Debug|Any CPU
		{7BE27F20-9232-470F-ABC1-F0FCD54BD17D}.Debug|Any CPU.Build.0 = Debug|Any CPU
		{7BE27F20-9232-470F-ABC1-F0FCD54BD17D}.Release|Any CPU.ActiveCfg = Release|Any CPU
		{7BE27F20-9232-470F-ABC1-F0FCD54BD17D}.Release|Any CPU.Build.0 = Release|Any CPU
		{84328837-CF2B-4AD3-A6FC-5D2D171996FA}.Debug|Any CPU.ActiveCfg = Debug|Any CPU
		{84328837-CF2B-4AD3-A6FC-5D2D171996FA}.Debug|Any CPU.Build.0 = Debug|Any CPU
		{84328837-CF2B-4AD3-A6FC-5D2D171996FA}.Release|Any CPU.ActiveCfg = Release|Any CPU
		{84328837-CF2B-4AD3-A6FC-5D2D171996FA}.Release|Any CPU.Build.0 = Release|Any CPU
		{527E0FCD-58F4-4194-A3AF-75887E0ECB70}.Debug|Any CPU.ActiveCfg = Debug|Any CPU
		{527E0FCD-58F4-4194-A3AF-75887E0ECB70}.Debug|Any CPU.Build.0 = Debug|Any CPU
		{527E0FCD-58F4-4194-A3AF-75887E0ECB70}.Release|Any CPU.ActiveCfg = Release|Any CPU
		{527E0FCD-58F4-4194-A3AF-75887E0ECB70}.Release|Any CPU.Build.0 = Release|Any CPU
		{31AB80A4-8740-4A40-A020-694FE5181DC4}.Debug|Any CPU.ActiveCfg = Debug|Any CPU
		{31AB80A4-8740-4A40-A020-694FE5181DC4}.Debug|Any CPU.Build.0 = Debug|Any CPU
		{31AB80A4-8740-4A40-A020-694FE5181DC4}.Release|Any CPU.ActiveCfg = Release|Any CPU
		{31AB80A4-8740-4A40-A020-694FE5181DC4}.Release|Any CPU.Build.0 = Release|Any CPU
		{21400DD8-0BE9-4941-A27E-1BA154FFFF3E}.Debug|Any CPU.ActiveCfg = Debug|Any CPU
		{21400DD8-0BE9-4941-A27E-1BA154FFFF3E}.Debug|Any CPU.Build.0 = Debug|Any CPU
		{21400DD8-0BE9-4941-A27E-1BA154FFFF3E}.Release|Any CPU.ActiveCfg = Release|Any CPU
		{21400DD8-0BE9-4941-A27E-1BA154FFFF3E}.Release|Any CPU.Build.0 = Release|Any CPU
		{C4177D54-A0EA-4922-AE92-C211E4D62B4C}.Debug|Any CPU.ActiveCfg = Debug|Any CPU
		{C4177D54-A0EA-4922-AE92-C211E4D62B4C}.Debug|Any CPU.Build.0 = Debug|Any CPU
		{C4177D54-A0EA-4922-AE92-C211E4D62B4C}.Release|Any CPU.ActiveCfg = Release|Any CPU
		{C4177D54-A0EA-4922-AE92-C211E4D62B4C}.Release|Any CPU.Build.0 = Release|Any CPU
		{FD18CC7B-1138-4170-8903-7086DF834E4F}.Debug|Any CPU.ActiveCfg = Debug|Any CPU
		{FD18CC7B-1138-4170-8903-7086DF834E4F}.Debug|Any CPU.Build.0 = Debug|Any CPU
		{FD18CC7B-1138-4170-8903-7086DF834E4F}.Release|Any CPU.ActiveCfg = Release|Any CPU
		{FD18CC7B-1138-4170-8903-7086DF834E4F}.Release|Any CPU.Build.0 = Release|Any CPU
		{526E9DCF-C0F3-45E7-AB6E-F90DFE5F06E3}.Debug|Any CPU.ActiveCfg = Debug|Any CPU
		{526E9DCF-C0F3-45E7-AB6E-F90DFE5F06E3}.Debug|Any CPU.Build.0 = Debug|Any CPU
		{526E9DCF-C0F3-45E7-AB6E-F90DFE5F06E3}.Release|Any CPU.ActiveCfg = Release|Any CPU
		{526E9DCF-C0F3-45E7-AB6E-F90DFE5F06E3}.Release|Any CPU.Build.0 = Release|Any CPU
		{5FED1279-4C23-4E5C-A89D-0255FE2B5E80}.Debug|Any CPU.ActiveCfg = Debug|Any CPU
		{5FED1279-4C23-4E5C-A89D-0255FE2B5E80}.Debug|Any CPU.Build.0 = Debug|Any CPU
		{5FED1279-4C23-4E5C-A89D-0255FE2B5E80}.Release|Any CPU.ActiveCfg = Release|Any CPU
		{5FED1279-4C23-4E5C-A89D-0255FE2B5E80}.Release|Any CPU.Build.0 = Release|Any CPU
	EndGlobalSection
	GlobalSection(SolutionProperties) = preSolution
		HideSolutionNode = FALSE
	EndGlobalSection
	GlobalSection(NestedProjects) = preSolution
		{7E23F735-1911-42CB-914E-AF5BDFB31418} = {81A32817-2BDD-4F54-A41E-E8B2015D0184}
		{0A1D7C25-2B33-47BE-B549-7CD8AE3AB15C} = {81A32817-2BDD-4F54-A41E-E8B2015D0184}
		{4832F9A4-7DED-43DD-9354-B6CE7931D247} = {2982C754-FBE1-4793-8218-107E8BA0D33A}
		{4CA7527D-1A19-47DF-AF24-AFB8907694E9} = {4832F9A4-7DED-43DD-9354-B6CE7931D247}
		{F29C3C0D-BD82-4252-BF68-496B4B43DB2E} = {4832F9A4-7DED-43DD-9354-B6CE7931D247}
		{A0AE4A9A-F272-4EE4-A993-C91CB6A8CAEB} = {4832F9A4-7DED-43DD-9354-B6CE7931D247}
		{EABAB6CE-90A4-4DA9-996E-6445400D22DA} = {4832F9A4-7DED-43DD-9354-B6CE7931D247}
		{7B70F90E-8DFB-4215-9455-C9357D5C1B3A} = {2982C754-FBE1-4793-8218-107E8BA0D33A}
		{1C66D1E7-72C6-4A76-A4C2-FDFDF43B17A3} = {2982C754-FBE1-4793-8218-107E8BA0D33A}
		{26AF1CE2-7F41-4894-87F9-E1871523BE07} = {1C66D1E7-72C6-4A76-A4C2-FDFDF43B17A3}
		{B073FE71-0D11-406D-8BE3-CC8CBBA831A9} = {2982C754-FBE1-4793-8218-107E8BA0D33A}
		{153316E2-F584-4C7E-8090-F0D3E786378A} = {B073FE71-0D11-406D-8BE3-CC8CBBA831A9}
		{22949558-4220-4879-8BB1-D03BCEFDD981} = {7B70F90E-8DFB-4215-9455-C9357D5C1B3A}
		{7BE27F20-9232-470F-ABC1-F0FCD54BD17D} = {B073FE71-0D11-406D-8BE3-CC8CBBA831A9}
		{84328837-CF2B-4AD3-A6FC-5D2D171996FA} = {B073FE71-0D11-406D-8BE3-CC8CBBA831A9}
		{527E0FCD-58F4-4194-A3AF-75887E0ECB70} = {B073FE71-0D11-406D-8BE3-CC8CBBA831A9}
		{31AB80A4-8740-4A40-A020-694FE5181DC4} = {B073FE71-0D11-406D-8BE3-CC8CBBA831A9}
		{4BFCF62E-6739-4EB4-84B3-FFF528D3F4E2} = {2982C754-FBE1-4793-8218-107E8BA0D33A}
		{21400DD8-0BE9-4941-A27E-1BA154FFFF3E} = {B073FE71-0D11-406D-8BE3-CC8CBBA831A9}
		{C4177D54-A0EA-4922-AE92-C211E4D62B4C} = {4BFCF62E-6739-4EB4-84B3-FFF528D3F4E2}
		{FD18CC7B-1138-4170-8903-7086DF834E4F} = {81A32817-2BDD-4F54-A41E-E8B2015D0184}
		{526E9DCF-C0F3-45E7-AB6E-F90DFE5F06E3} = {81A32817-2BDD-4F54-A41E-E8B2015D0184}
		{5FED1279-4C23-4E5C-A89D-0255FE2B5E80} = {4BFCF62E-6739-4EB4-84B3-FFF528D3F4E2}
		{3F248C48-DADD-4659-8D32-9326706303EC} = {596A1022-8E0A-4705-BAAA-4217759203D1}
	EndGlobalSection
	GlobalSection(ExtensibilityGlobals) = postSolution
		SolutionGuid = {F1FC29A1-2BF1-46BD-9169-3C33C1C4494F}
	EndGlobalSection
EndGlobal
